// !$*UTF8*$!
{
	archiveVersion = 1;
	classes = {
	};
	objectVersion = 52;
	objects = {

/* Begin PBXBuildFile section */
		3404247224DCA48E00EEAE34 /* SocketIOManager.swift in Sources */ = {isa = PBXBuildFile; fileRef = 3404247124DCA48E00EEAE34 /* SocketIOManager.swift */; };
		3404247424DF0A4100EEAE34 /* RingingRoomView.swift in Sources */ = {isa = PBXBuildFile; fileRef = 3404247324DF0A4100EEAE34 /* RingingRoomView.swift */; };
		343DDE5924E2DDF800970FA1 /* Tower.swift in Sources */ = {isa = PBXBuildFile; fileRef = 343DDE5824E2DDF800970FA1 /* Tower.swift */; };
		343DDE5B24E2EAB900970FA1 /* User.swift in Sources */ = {isa = PBXBuildFile; fileRef = 343DDE5A24E2EAB900970FA1 /* User.swift */; };
		345505A124E3F6E9002D288F /* TowerParameters.swift in Sources */ = {isa = PBXBuildFile; fileRef = 345505A024E3F6E9002D288F /* TowerParameters.swift */; };
		345B52F624DFD2360050BB8F /* HelpView.swift in Sources */ = {isa = PBXBuildFile; fileRef = 345B52F524DFD2360050BB8F /* HelpView.swift */; };
		345B52F824DFD24B0050BB8F /* SettingsView.swift in Sources */ = {isa = PBXBuildFile; fileRef = 345B52F724DFD24B0050BB8F /* SettingsView.swift */; };
		345B52FA24DFD25E0050BB8F /* MainApp.swift in Sources */ = {isa = PBXBuildFile; fileRef = 345B52F924DFD25E0050BB8F /* MainApp.swift */; };
		345B52FC24DFD27F0050BB8F /* StoreView.swift in Sources */ = {isa = PBXBuildFile; fileRef = 345B52FB24DFD27F0050BB8F /* StoreView.swift */; };
		345B530024DFD29E0050BB8F /* RingView.swift in Sources */ = {isa = PBXBuildFile; fileRef = 345B52FF24DFD29E0050BB8F /* RingView.swift */; };
		3494798124D9EFA7006B4ABE /* AppDelegate.swift in Sources */ = {isa = PBXBuildFile; fileRef = 3494798024D9EFA7006B4ABE /* AppDelegate.swift */; };
		3494798324D9EFA7006B4ABE /* SceneDelegate.swift in Sources */ = {isa = PBXBuildFile; fileRef = 3494798224D9EFA7006B4ABE /* SceneDelegate.swift */; };
		3494798724D9EFAA006B4ABE /* Assets.xcassets in Resources */ = {isa = PBXBuildFile; fileRef = 3494798624D9EFAA006B4ABE /* Assets.xcassets */; };
		3494798A24D9EFAA006B4ABE /* Preview Assets.xcassets in Resources */ = {isa = PBXBuildFile; fileRef = 3494798924D9EFAA006B4ABE /* Preview Assets.xcassets */; };
		3494798D24D9EFAA006B4ABE /* LaunchScreen.storyboard in Resources */ = {isa = PBXBuildFile; fileRef = 3494798B24D9EFAA006B4ABE /* LaunchScreen.storyboard */; };
		3494799A24D9EFC9006B4ABE /* Simonetta-Black.ttf in Resources */ = {isa = PBXBuildFile; fileRef = 3494799524D9EFC9006B4ABE /* Simonetta-Black.ttf */; };
		3494799B24D9EFC9006B4ABE /* Simonetta-Regular.ttf in Resources */ = {isa = PBXBuildFile; fileRef = 3494799624D9EFC9006B4ABE /* Simonetta-Regular.ttf */; };
		3494799C24D9EFC9006B4ABE /* Simonetta-Italic.ttf in Resources */ = {isa = PBXBuildFile; fileRef = 3494799724D9EFC9006B4ABE /* Simonetta-Italic.ttf */; };
		3494799D24D9EFC9006B4ABE /* OFL.txt in Resources */ = {isa = PBXBuildFile; fileRef = 3494799824D9EFC9006B4ABE /* OFL.txt */; };
		3494799E24D9EFC9006B4ABE /* Simonetta-BlackItalic.ttf in Resources */ = {isa = PBXBuildFile; fileRef = 3494799924D9EFC9006B4ABE /* Simonetta-BlackItalic.ttf */; };
		349479A024D9F0E0006B4ABE /* LoginScreen.swift in Sources */ = {isa = PBXBuildFile; fileRef = 3494799F24D9F0E0006B4ABE /* LoginScreen.swift */; };
		349479A424D9FA20006B4ABE /* accountCreationView.swift in Sources */ = {isa = PBXBuildFile; fileRef = 349479A324D9FA1F006B4ABE /* accountCreationView.swift */; };
		349479A624D9FA24006B4ABE /* resetPasswordView.swift in Sources */ = {isa = PBXBuildFile; fileRef = 349479A524D9FA24006B4ABE /* resetPasswordView.swift */; };
		349479A824D9FA2E006B4ABE /* privacyPolicyView.swift in Sources */ = {isa = PBXBuildFile; fileRef = 349479A724D9FA2E006B4ABE /* privacyPolicyView.swift */; };
		349479AA24D9FA36006B4ABE /* agreeToPrivacyPolicyView.swift in Sources */ = {isa = PBXBuildFile; fileRef = 349479A924D9FA36006B4ABE /* agreeToPrivacyPolicyView.swift */; };
		349479AC24D9FA5D006B4ABE /* mailView.swift in Sources */ = {isa = PBXBuildFile; fileRef = 349479AB24D9FA5D006B4ABE /* mailView.swift */; };
		349479AE24D9FA61006B4ABE /* bulletLine.swift in Sources */ = {isa = PBXBuildFile; fileRef = 349479AD24D9FA61006B4ABE /* bulletLine.swift */; };
		349479B124DB1A1B006B4ABE /* SocketIO in Frameworks */ = {isa = PBXBuildFile; productRef = 349479B024DB1A1B006B4ABE /* SocketIO */; };
		34D3EFEB24EB182200B86D69 /* Bell.swift in Sources */ = {isa = PBXBuildFile; fileRef = 34D3EFEA24EB182200B86D69 /* Bell.swift */; };
		34D8C7AF24E1B07D00C0D7A6 /* WebView.swift in Sources */ = {isa = PBXBuildFile; fileRef = 34D8C7AE24E1B07D00C0D7A6 /* WebView.swift */; };
		34E711A424F57DDE00167956 /* AudioPlayer.swift in Sources */ = {isa = PBXBuildFile; fileRef = 34E711A324F57DDE00167956 /* AudioPlayer.swift */; };
		34E711CB24F6D16E00167956 /* RingingRoomAudio in Resources */ = {isa = PBXBuildFile; fileRef = 34E711CA24F6D16E00167956 /* RingingRoomAudio */; };
		34F1299824F6FFD7000AED7E /* ShareSheet.swift in Sources */ = {isa = PBXBuildFile; fileRef = 34F1299724F6FFD7000AED7E /* ShareSheet.swift */; };
/* End PBXBuildFile section */

/* Begin PBXFileReference section */
		3404247124DCA48E00EEAE34 /* SocketIOManager.swift */ = {isa = PBXFileReference; fileEncoding = 4; lastKnownFileType = sourcecode.swift; path = SocketIOManager.swift; sourceTree = "<group>"; };
		3404247324DF0A4100EEAE34 /* RingingRoomView.swift */ = {isa = PBXFileReference; lastKnownFileType = sourcecode.swift; path = RingingRoomView.swift; sourceTree = "<group>"; };
		343DDE5824E2DDF800970FA1 /* Tower.swift */ = {isa = PBXFileReference; lastKnownFileType = sourcecode.swift; path = Tower.swift; sourceTree = "<group>"; };
		343DDE5A24E2EAB900970FA1 /* User.swift */ = {isa = PBXFileReference; fileEncoding = 4; lastKnownFileType = sourcecode.swift; path = User.swift; sourceTree = "<group>"; };
		345505A024E3F6E9002D288F /* TowerParameters.swift */ = {isa = PBXFileReference; lastKnownFileType = sourcecode.swift; path = TowerParameters.swift; sourceTree = "<group>"; };
		345B52F524DFD2360050BB8F /* HelpView.swift */ = {isa = PBXFileReference; fileEncoding = 4; lastKnownFileType = sourcecode.swift; path = HelpView.swift; sourceTree = "<group>"; };
		345B52F724DFD24B0050BB8F /* SettingsView.swift */ = {isa = PBXFileReference; fileEncoding = 4; lastKnownFileType = sourcecode.swift; path = SettingsView.swift; sourceTree = "<group>"; };
		345B52F924DFD25E0050BB8F /* MainApp.swift */ = {isa = PBXFileReference; fileEncoding = 4; lastKnownFileType = sourcecode.swift; path = MainApp.swift; sourceTree = "<group>"; };
		345B52FB24DFD27F0050BB8F /* StoreView.swift */ = {isa = PBXFileReference; lastKnownFileType = sourcecode.swift; path = StoreView.swift; sourceTree = "<group>"; };
		345B52FF24DFD29E0050BB8F /* RingView.swift */ = {isa = PBXFileReference; lastKnownFileType = sourcecode.swift; path = RingView.swift; sourceTree = "<group>"; };
		3494797D24D9EFA7006B4ABE /* Ringing Room.app */ = {isa = PBXFileReference; explicitFileType = wrapper.application; includeInIndex = 0; path = "Ringing Room.app"; sourceTree = BUILT_PRODUCTS_DIR; };
		3494798024D9EFA7006B4ABE /* AppDelegate.swift */ = {isa = PBXFileReference; lastKnownFileType = sourcecode.swift; path = AppDelegate.swift; sourceTree = "<group>"; };
		3494798224D9EFA7006B4ABE /* SceneDelegate.swift */ = {isa = PBXFileReference; lastKnownFileType = sourcecode.swift; path = SceneDelegate.swift; sourceTree = "<group>"; };
		3494798624D9EFAA006B4ABE /* Assets.xcassets */ = {isa = PBXFileReference; lastKnownFileType = folder.assetcatalog; path = Assets.xcassets; sourceTree = "<group>"; };
		3494798924D9EFAA006B4ABE /* Preview Assets.xcassets */ = {isa = PBXFileReference; lastKnownFileType = folder.assetcatalog; path = "Preview Assets.xcassets"; sourceTree = "<group>"; };
		3494798C24D9EFAA006B4ABE /* Base */ = {isa = PBXFileReference; lastKnownFileType = file.storyboard; name = Base; path = Base.lproj/LaunchScreen.storyboard; sourceTree = "<group>"; };
		3494798E24D9EFAA006B4ABE /* Info.plist */ = {isa = PBXFileReference; lastKnownFileType = text.plist.xml; path = Info.plist; sourceTree = "<group>"; };
		3494799524D9EFC9006B4ABE /* Simonetta-Black.ttf */ = {isa = PBXFileReference; lastKnownFileType = file; path = "Simonetta-Black.ttf"; sourceTree = "<group>"; };
		3494799624D9EFC9006B4ABE /* Simonetta-Regular.ttf */ = {isa = PBXFileReference; lastKnownFileType = file; path = "Simonetta-Regular.ttf"; sourceTree = "<group>"; };
		3494799724D9EFC9006B4ABE /* Simonetta-Italic.ttf */ = {isa = PBXFileReference; lastKnownFileType = file; path = "Simonetta-Italic.ttf"; sourceTree = "<group>"; };
		3494799824D9EFC9006B4ABE /* OFL.txt */ = {isa = PBXFileReference; fileEncoding = 4; lastKnownFileType = text; path = OFL.txt; sourceTree = "<group>"; };
		3494799924D9EFC9006B4ABE /* Simonetta-BlackItalic.ttf */ = {isa = PBXFileReference; lastKnownFileType = file; path = "Simonetta-BlackItalic.ttf"; sourceTree = "<group>"; };
		3494799F24D9F0E0006B4ABE /* LoginScreen.swift */ = {isa = PBXFileReference; fileEncoding = 4; lastKnownFileType = sourcecode.swift; path = LoginScreen.swift; sourceTree = "<group>"; };
		349479A324D9FA1F006B4ABE /* accountCreationView.swift */ = {isa = PBXFileReference; fileEncoding = 4; lastKnownFileType = sourcecode.swift; path = accountCreationView.swift; sourceTree = "<group>"; };
		349479A524D9FA24006B4ABE /* resetPasswordView.swift */ = {isa = PBXFileReference; fileEncoding = 4; lastKnownFileType = sourcecode.swift; path = resetPasswordView.swift; sourceTree = "<group>"; };
		349479A724D9FA2E006B4ABE /* privacyPolicyView.swift */ = {isa = PBXFileReference; fileEncoding = 4; lastKnownFileType = sourcecode.swift; path = privacyPolicyView.swift; sourceTree = "<group>"; };
		349479A924D9FA36006B4ABE /* agreeToPrivacyPolicyView.swift */ = {isa = PBXFileReference; fileEncoding = 4; lastKnownFileType = sourcecode.swift; path = agreeToPrivacyPolicyView.swift; sourceTree = "<group>"; };
		349479AB24D9FA5D006B4ABE /* mailView.swift */ = {isa = PBXFileReference; fileEncoding = 4; lastKnownFileType = sourcecode.swift; path = mailView.swift; sourceTree = "<group>"; };
		349479AD24D9FA61006B4ABE /* bulletLine.swift */ = {isa = PBXFileReference; fileEncoding = 4; lastKnownFileType = sourcecode.swift; path = bulletLine.swift; sourceTree = "<group>"; };
		34D3EFEA24EB182200B86D69 /* Bell.swift */ = {isa = PBXFileReference; lastKnownFileType = sourcecode.swift; path = Bell.swift; sourceTree = "<group>"; };
		34D8C7AE24E1B07D00C0D7A6 /* WebView.swift */ = {isa = PBXFileReference; lastKnownFileType = sourcecode.swift; path = WebView.swift; sourceTree = "<group>"; };
		34E711A324F57DDE00167956 /* AudioPlayer.swift */ = {isa = PBXFileReference; lastKnownFileType = sourcecode.swift; path = AudioPlayer.swift; sourceTree = "<group>"; };
		34E711CA24F6D16E00167956 /* RingingRoomAudio */ = {isa = PBXFileReference; lastKnownFileType = folder; path = RingingRoomAudio; sourceTree = "<group>"; };
		34F1299724F6FFD7000AED7E /* ShareSheet.swift */ = {isa = PBXFileReference; lastKnownFileType = sourcecode.swift; path = ShareSheet.swift; sourceTree = "<group>"; };
/* End PBXFileReference section */

/* Begin PBXFrameworksBuildPhase section */
		3494797A24D9EFA7006B4ABE /* Frameworks */ = {
			isa = PBXFrameworksBuildPhase;
			buildActionMask = 2147483647;
			files = (
				349479B124DB1A1B006B4ABE /* SocketIO in Frameworks */,
			);
			runOnlyForDeploymentPostprocessing = 0;
		};
/* End PBXFrameworksBuildPhase section */

/* Begin PBXGroup section */
		345B52F424DFD1BA0050BB8F /* TabViews */ = {
			isa = PBXGroup;
			children = (
				34F1299724F6FFD7000AED7E /* ShareSheet.swift */,
				345B52FF24DFD29E0050BB8F /* RingView.swift */,
				345B52FB24DFD27F0050BB8F /* StoreView.swift */,
				345B52F524DFD2360050BB8F /* HelpView.swift */,
				345B52F724DFD24B0050BB8F /* SettingsView.swift */,
			);
			path = TabViews;
			sourceTree = "<group>";
		};
		3494797424D9EFA7006B4ABE = {
			isa = PBXGroup;
			children = (
				3494799424D9EFC9006B4ABE /* Simonetta */,
				3494797F24D9EFA7006B4ABE /* iOSRingingRoom */,
				3494797E24D9EFA7006B4ABE /* Products */,
			);
			sourceTree = "<group>";
		};
		3494797E24D9EFA7006B4ABE /* Products */ = {
			isa = PBXGroup;
			children = (
				3494797D24D9EFA7006B4ABE /* Ringing Room.app */,
			);
			name = Products;
			sourceTree = "<group>";
		};
		3494797F24D9EFA7006B4ABE /* iOSRingingRoom */ = {
			isa = PBXGroup;
			children = (
				34E711CA24F6D16E00167956 /* RingingRoomAudio */,
				3494798024D9EFA7006B4ABE /* AppDelegate.swift */,
				343DDE5824E2DDF800970FA1 /* Tower.swift */,
				343DDE5A24E2EAB900970FA1 /* User.swift */,
				3494798224D9EFA7006B4ABE /* SceneDelegate.swift */,
				3494799F24D9F0E0006B4ABE /* LoginScreen.swift */,
				345B52F924DFD25E0050BB8F /* MainApp.swift */,
				345B52F424DFD1BA0050BB8F /* TabViews */,
				349479A324D9FA1F006B4ABE /* accountCreationView.swift */,
				3404247324DF0A4100EEAE34 /* RingingRoomView.swift */,
				34E711A324F57DDE00167956 /* AudioPlayer.swift */,
				34D3EFEA24EB182200B86D69 /* Bell.swift */,
				345505A024E3F6E9002D288F /* TowerParameters.swift */,
				349479A524D9FA24006B4ABE /* resetPasswordView.swift */,
				349479A724D9FA2E006B4ABE /* privacyPolicyView.swift */,
				349479A924D9FA36006B4ABE /* agreeToPrivacyPolicyView.swift */,
				349479AB24D9FA5D006B4ABE /* mailView.swift */,
				349479AD24D9FA61006B4ABE /* bulletLine.swift */,
				3404247124DCA48E00EEAE34 /* SocketIOManager.swift */,
				34D8C7AE24E1B07D00C0D7A6 /* WebView.swift */,
				3494798624D9EFAA006B4ABE /* Assets.xcassets */,
				3494798B24D9EFAA006B4ABE /* LaunchScreen.storyboard */,
				3494798E24D9EFAA006B4ABE /* Info.plist */,
				3494798824D9EFAA006B4ABE /* Preview Content */,
			);
			path = iOSRingingRoom;
			sourceTree = "<group>";
		};
		3494798824D9EFAA006B4ABE /* Preview Content */ = {
			isa = PBXGroup;
			children = (
				3494798924D9EFAA006B4ABE /* Preview Assets.xcassets */,
			);
			path = "Preview Content";
			sourceTree = "<group>";
		};
		3494799424D9EFC9006B4ABE /* Simonetta */ = {
			isa = PBXGroup;
			children = (
				3494799524D9EFC9006B4ABE /* Simonetta-Black.ttf */,
				3494799624D9EFC9006B4ABE /* Simonetta-Regular.ttf */,
				3494799724D9EFC9006B4ABE /* Simonetta-Italic.ttf */,
				3494799824D9EFC9006B4ABE /* OFL.txt */,
				3494799924D9EFC9006B4ABE /* Simonetta-BlackItalic.ttf */,
			);
			path = Simonetta;
			sourceTree = "<group>";
		};
/* End PBXGroup section */

/* Begin PBXNativeTarget section */
		3494797C24D9EFA7006B4ABE /* iOSRingingRoom */ = {
			isa = PBXNativeTarget;
			buildConfigurationList = 3494799124D9EFAA006B4ABE /* Build configuration list for PBXNativeTarget "iOSRingingRoom" */;
			buildPhases = (
				3494797924D9EFA7006B4ABE /* Sources */,
				3494797A24D9EFA7006B4ABE /* Frameworks */,
				3494797B24D9EFA7006B4ABE /* Resources */,
			);
			buildRules = (
			);
			dependencies = (
			);
			name = iOSRingingRoom;
			packageProductDependencies = (
				349479B024DB1A1B006B4ABE /* SocketIO */,
			);
			productName = iOSRingingRoom;
			productReference = 3494797D24D9EFA7006B4ABE /* Ringing Room.app */;
			productType = "com.apple.product-type.application";
		};
/* End PBXNativeTarget section */

/* Begin PBXProject section */
		3494797524D9EFA7006B4ABE /* Project object */ = {
			isa = PBXProject;
			attributes = {
				LastSwiftUpdateCheck = 1160;
				LastUpgradeCheck = 1160;
				ORGANIZATIONNAME = "Matthew Goodship";
				TargetAttributes = {
					3494797C24D9EFA7006B4ABE = {
						CreatedOnToolsVersion = 11.6;
					};
				};
			};
			buildConfigurationList = 3494797824D9EFA7006B4ABE /* Build configuration list for PBXProject "iOSRingingRoom" */;
			compatibilityVersion = "Xcode 9.3";
			developmentRegion = en;
			hasScannedForEncodings = 0;
			knownRegions = (
				en,
				Base,
			);
			mainGroup = 3494797424D9EFA7006B4ABE;
			packageReferences = (
				349479AF24DB1A1B006B4ABE /* XCRemoteSwiftPackageReference "socket" */,
			);
			productRefGroup = 3494797E24D9EFA7006B4ABE /* Products */;
			projectDirPath = "";
			projectRoot = "";
			targets = (
				3494797C24D9EFA7006B4ABE /* iOSRingingRoom */,
			);
		};
/* End PBXProject section */

/* Begin PBXResourcesBuildPhase section */
		3494797B24D9EFA7006B4ABE /* Resources */ = {
			isa = PBXResourcesBuildPhase;
			buildActionMask = 2147483647;
			files = (
				3494799D24D9EFC9006B4ABE /* OFL.txt in Resources */,
				34E711CB24F6D16E00167956 /* RingingRoomAudio in Resources */,
				3494799E24D9EFC9006B4ABE /* Simonetta-BlackItalic.ttf in Resources */,
				3494798D24D9EFAA006B4ABE /* LaunchScreen.storyboard in Resources */,
				3494799A24D9EFC9006B4ABE /* Simonetta-Black.ttf in Resources */,
				3494798A24D9EFAA006B4ABE /* Preview Assets.xcassets in Resources */,
				3494799B24D9EFC9006B4ABE /* Simonetta-Regular.ttf in Resources */,
				3494798724D9EFAA006B4ABE /* Assets.xcassets in Resources */,
				3494799C24D9EFC9006B4ABE /* Simonetta-Italic.ttf in Resources */,
			);
			runOnlyForDeploymentPostprocessing = 0;
		};
/* End PBXResourcesBuildPhase section */

/* Begin PBXSourcesBuildPhase section */
		3494797924D9EFA7006B4ABE /* Sources */ = {
			isa = PBXSourcesBuildPhase;
			buildActionMask = 2147483647;
			files = (
				345B52F824DFD24B0050BB8F /* SettingsView.swift in Sources */,
				3494798124D9EFA7006B4ABE /* AppDelegate.swift in Sources */,
				3404247224DCA48E00EEAE34 /* SocketIOManager.swift in Sources */,
				34E711A424F57DDE00167956 /* AudioPlayer.swift in Sources */,
				349479A024D9F0E0006B4ABE /* LoginScreen.swift in Sources */,
				3494798324D9EFA7006B4ABE /* SceneDelegate.swift in Sources */,
				349479A424D9FA20006B4ABE /* accountCreationView.swift in Sources */,
				345B530024DFD29E0050BB8F /* RingView.swift in Sources */,
				345505A124E3F6E9002D288F /* TowerParameters.swift in Sources */,
				343DDE5924E2DDF800970FA1 /* Tower.swift in Sources */,
				343DDE5B24E2EAB900970FA1 /* User.swift in Sources */,
				345B52FA24DFD25E0050BB8F /* MainApp.swift in Sources */,
				3404247424DF0A4100EEAE34 /* RingingRoomView.swift in Sources */,
				349479AA24D9FA36006B4ABE /* agreeToPrivacyPolicyView.swift in Sources */,
				349479A824D9FA2E006B4ABE /* privacyPolicyView.swift in Sources */,
				34D3EFEB24EB182200B86D69 /* Bell.swift in Sources */,
				349479AE24D9FA61006B4ABE /* bulletLine.swift in Sources */,
				349479A624D9FA24006B4ABE /* resetPasswordView.swift in Sources */,
				349479AC24D9FA5D006B4ABE /* mailView.swift in Sources */,
				34D8C7AF24E1B07D00C0D7A6 /* WebView.swift in Sources */,
				34F1299824F6FFD7000AED7E /* ShareSheet.swift in Sources */,
				345B52FC24DFD27F0050BB8F /* StoreView.swift in Sources */,
				345B52F624DFD2360050BB8F /* HelpView.swift in Sources */,
			);
			runOnlyForDeploymentPostprocessing = 0;
		};
/* End PBXSourcesBuildPhase section */

/* Begin PBXVariantGroup section */
		3494798B24D9EFAA006B4ABE /* LaunchScreen.storyboard */ = {
			isa = PBXVariantGroup;
			children = (
				3494798C24D9EFAA006B4ABE /* Base */,
			);
			name = LaunchScreen.storyboard;
			sourceTree = "<group>";
		};
/* End PBXVariantGroup section */

/* Begin XCBuildConfiguration section */
		3494798F24D9EFAA006B4ABE /* Debug */ = {
			isa = XCBuildConfiguration;
			buildSettings = {
				ALWAYS_SEARCH_USER_PATHS = NO;
				CLANG_ANALYZER_NONNULL = YES;
				CLANG_ANALYZER_NUMBER_OBJECT_CONVERSION = YES_AGGRESSIVE;
				CLANG_CXX_LANGUAGE_STANDARD = "gnu++14";
				CLANG_CXX_LIBRARY = "libc++";
				CLANG_ENABLE_MODULES = YES;
				CLANG_ENABLE_OBJC_ARC = YES;
				CLANG_ENABLE_OBJC_WEAK = YES;
				CLANG_WARN_BLOCK_CAPTURE_AUTORELEASING = YES;
				CLANG_WARN_BOOL_CONVERSION = YES;
				CLANG_WARN_COMMA = YES;
				CLANG_WARN_CONSTANT_CONVERSION = YES;
				CLANG_WARN_DEPRECATED_OBJC_IMPLEMENTATIONS = YES;
				CLANG_WARN_DIRECT_OBJC_ISA_USAGE = YES_ERROR;
				CLANG_WARN_DOCUMENTATION_COMMENTS = YES;
				CLANG_WARN_EMPTY_BODY = YES;
				CLANG_WARN_ENUM_CONVERSION = YES;
				CLANG_WARN_INFINITE_RECURSION = YES;
				CLANG_WARN_INT_CONVERSION = YES;
				CLANG_WARN_NON_LITERAL_NULL_CONVERSION = YES;
				CLANG_WARN_OBJC_IMPLICIT_RETAIN_SELF = YES;
				CLANG_WARN_OBJC_LITERAL_CONVERSION = YES;
				CLANG_WARN_OBJC_ROOT_CLASS = YES_ERROR;
				CLANG_WARN_RANGE_LOOP_ANALYSIS = YES;
				CLANG_WARN_STRICT_PROTOTYPES = YES;
				CLANG_WARN_SUSPICIOUS_MOVE = YES;
				CLANG_WARN_UNGUARDED_AVAILABILITY = YES_AGGRESSIVE;
				CLANG_WARN_UNREACHABLE_CODE = YES;
				CLANG_WARN__DUPLICATE_METHOD_MATCH = YES;
				COPY_PHASE_STRIP = NO;
				DEBUG_INFORMATION_FORMAT = dwarf;
				ENABLE_STRICT_OBJC_MSGSEND = YES;
				ENABLE_TESTABILITY = YES;
				GCC_C_LANGUAGE_STANDARD = gnu11;
				GCC_DYNAMIC_NO_PIC = NO;
				GCC_NO_COMMON_BLOCKS = YES;
				GCC_OPTIMIZATION_LEVEL = 0;
				GCC_PREPROCESSOR_DEFINITIONS = (
					"DEBUG=1",
					"$(inherited)",
				);
				GCC_WARN_64_TO_32_BIT_CONVERSION = YES;
				GCC_WARN_ABOUT_RETURN_TYPE = YES_ERROR;
				GCC_WARN_UNDECLARED_SELECTOR = YES;
				GCC_WARN_UNINITIALIZED_AUTOS = YES_AGGRESSIVE;
				GCC_WARN_UNUSED_FUNCTION = YES;
				GCC_WARN_UNUSED_VARIABLE = YES;
				IPHONEOS_DEPLOYMENT_TARGET = 13.6;
				MTL_ENABLE_DEBUG_INFO = INCLUDE_SOURCE;
				MTL_FAST_MATH = YES;
				ONLY_ACTIVE_ARCH = YES;
				SDKROOT = iphoneos;
				SWIFT_ACTIVE_COMPILATION_CONDITIONS = DEBUG;
				SWIFT_OPTIMIZATION_LEVEL = "-Onone";
			};
			name = Debug;
		};
		3494799024D9EFAA006B4ABE /* Release */ = {
			isa = XCBuildConfiguration;
			buildSettings = {
				ALWAYS_SEARCH_USER_PATHS = NO;
				CLANG_ANALYZER_NONNULL = YES;
				CLANG_ANALYZER_NUMBER_OBJECT_CONVERSION = YES_AGGRESSIVE;
				CLANG_CXX_LANGUAGE_STANDARD = "gnu++14";
				CLANG_CXX_LIBRARY = "libc++";
				CLANG_ENABLE_MODULES = YES;
				CLANG_ENABLE_OBJC_ARC = YES;
				CLANG_ENABLE_OBJC_WEAK = YES;
				CLANG_WARN_BLOCK_CAPTURE_AUTORELEASING = YES;
				CLANG_WARN_BOOL_CONVERSION = YES;
				CLANG_WARN_COMMA = YES;
				CLANG_WARN_CONSTANT_CONVERSION = YES;
				CLANG_WARN_DEPRECATED_OBJC_IMPLEMENTATIONS = YES;
				CLANG_WARN_DIRECT_OBJC_ISA_USAGE = YES_ERROR;
				CLANG_WARN_DOCUMENTATION_COMMENTS = YES;
				CLANG_WARN_EMPTY_BODY = YES;
				CLANG_WARN_ENUM_CONVERSION = YES;
				CLANG_WARN_INFINITE_RECURSION = YES;
				CLANG_WARN_INT_CONVERSION = YES;
				CLANG_WARN_NON_LITERAL_NULL_CONVERSION = YES;
				CLANG_WARN_OBJC_IMPLICIT_RETAIN_SELF = YES;
				CLANG_WARN_OBJC_LITERAL_CONVERSION = YES;
				CLANG_WARN_OBJC_ROOT_CLASS = YES_ERROR;
				CLANG_WARN_RANGE_LOOP_ANALYSIS = YES;
				CLANG_WARN_STRICT_PROTOTYPES = YES;
				CLANG_WARN_SUSPICIOUS_MOVE = YES;
				CLANG_WARN_UNGUARDED_AVAILABILITY = YES_AGGRESSIVE;
				CLANG_WARN_UNREACHABLE_CODE = YES;
				CLANG_WARN__DUPLICATE_METHOD_MATCH = YES;
				COPY_PHASE_STRIP = NO;
				DEBUG_INFORMATION_FORMAT = "dwarf-with-dsym";
				ENABLE_NS_ASSERTIONS = NO;
				ENABLE_STRICT_OBJC_MSGSEND = YES;
				GCC_C_LANGUAGE_STANDARD = gnu11;
				GCC_NO_COMMON_BLOCKS = YES;
				GCC_WARN_64_TO_32_BIT_CONVERSION = YES;
				GCC_WARN_ABOUT_RETURN_TYPE = YES_ERROR;
				GCC_WARN_UNDECLARED_SELECTOR = YES;
				GCC_WARN_UNINITIALIZED_AUTOS = YES_AGGRESSIVE;
				GCC_WARN_UNUSED_FUNCTION = YES;
				GCC_WARN_UNUSED_VARIABLE = YES;
				IPHONEOS_DEPLOYMENT_TARGET = 13.6;
				MTL_ENABLE_DEBUG_INFO = NO;
				MTL_FAST_MATH = YES;
				SDKROOT = iphoneos;
				SWIFT_COMPILATION_MODE = wholemodule;
				SWIFT_OPTIMIZATION_LEVEL = "-O";
				VALIDATE_PRODUCT = YES;
			};
			name = Release;
		};
		3494799224D9EFAA006B4ABE /* Debug */ = {
			isa = XCBuildConfiguration;
			buildSettings = {
				ASSETCATALOG_COMPILER_APPICON_NAME = AppIcon;
				CODE_SIGN_IDENTITY = "Apple Development";
				CODE_SIGN_STYLE = Automatic;
				DEVELOPMENT_ASSET_PATHS = "\"iOSRingingRoom/Preview Content\"";
				DEVELOPMENT_TEAM = 7V4XJ3JD8B;
				ENABLE_PREVIEWS = YES;
				INFOPLIST_FILE = iOSRingingRoom/Info.plist;
				IPHONEOS_DEPLOYMENT_TARGET = 13.6;
				LD_RUNPATH_SEARCH_PATHS = (
					"$(inherited)",
					"@executable_path/Frameworks",
				);
				PRODUCT_BUNDLE_IDENTIFIER = "com.matthew-goodship.iOSRingingRoom";
				PRODUCT_NAME = "Ringing Room";
				PROVISIONING_PROFILE_SPECIFIER = "";
				SWIFT_VERSION = 5.0;
				TARGETED_DEVICE_FAMILY = "1,2";
			};
			name = Debug;
		};
		3494799324D9EFAA006B4ABE /* Release */ = {
			isa = XCBuildConfiguration;
			buildSettings = {
				ASSETCATALOG_COMPILER_APPICON_NAME = AppIcon;
				CODE_SIGN_IDENTITY = "Apple Development";
				CODE_SIGN_STYLE = Automatic;
				DEVELOPMENT_ASSET_PATHS = "\"iOSRingingRoom/Preview Content\"";
				DEVELOPMENT_TEAM = 7V4XJ3JD8B;
				ENABLE_PREVIEWS = YES;
				INFOPLIST_FILE = iOSRingingRoom/Info.plist;
				IPHONEOS_DEPLOYMENT_TARGET = 13.6;
				LD_RUNPATH_SEARCH_PATHS = (
					"$(inherited)",
					"@executable_path/Frameworks",
				);
				PRODUCT_BUNDLE_IDENTIFIER = "com.matthew-goodship.iOSRingingRoom";
				PRODUCT_NAME = "Ringing Room";
				PROVISIONING_PROFILE_SPECIFIER = "";
				SWIFT_VERSION = 5.0;
				TARGETED_DEVICE_FAMILY = "1,2";
			};
			name = Release;
		};
/* End XCBuildConfiguration section */

/* Begin XCConfigurationList section */
		3494797824D9EFA7006B4ABE /* Build configuration list for PBXProject "iOSRingingRoom" */ = {
			isa = XCConfigurationList;
			buildConfigurations = (
				3494798F24D9EFAA006B4ABE /* Debug */,
				3494799024D9EFAA006B4ABE /* Release */,
			);
			defaultConfigurationIsVisible = 0;
			defaultConfigurationName = Release;
		};
		3494799124D9EFAA006B4ABE /* Build configuration list for PBXNativeTarget "iOSRingingRoom" */ = {
			isa = XCConfigurationList;
			buildConfigurations = (
				3494799224D9EFAA006B4ABE /* Debug */,
				3494799324D9EFAA006B4ABE /* Release */,
			);
			defaultConfigurationIsVisible = 0;
			defaultConfigurationName = Release;
		};
/* End XCConfigurationList section */

/* Begin XCRemoteSwiftPackageReference section */
		349479AF24DB1A1B006B4ABE /* XCRemoteSwiftPackageReference "socket" */ = {
			isa = XCRemoteSwiftPackageReference;
			repositoryURL = "https://github.com/socketio/socket.io-client-swift";
			requirement = {
				kind = upToNextMajorVersion;
				minimumVersion = 15.2.0;
			};
		};
/* End XCRemoteSwiftPackageReference section */

/* Begin XCSwiftPackageProductDependency section */
		349479B024DB1A1B006B4ABE /* SocketIO */ = {
			isa = XCSwiftPackageProductDependency;
			package = 349479AF24DB1A1B006B4ABE /* XCRemoteSwiftPackageReference "socket" */;
			productName = SocketIO;
		};
/* End XCSwiftPackageProductDependency section */
	};
	rootObject = 3494797524D9EFA7006B4ABE /* Project object */;
}
