// !$*UTF8*$!
{
	archiveVersion = 1;
	classes = {
	};
	objectVersion = 70;
	objects = {

/* Begin PBXBuildFile section */
		341D39032722E5C000E340CF /* Simonetta-Black.ttf in Resources */ = {isa = PBXBuildFile; fileRef = 341D38FE2722E5C000E340CF /* Simonetta-Black.ttf */; };
		341D39042722E5C000E340CF /* Simonetta-Regular.ttf in Resources */ = {isa = PBXBuildFile; fileRef = 341D38FF2722E5C000E340CF /* Simonetta-Regular.ttf */; };
		341D39052722E5C000E340CF /* Simonetta-Italic.ttf in Resources */ = {isa = PBXBuildFile; fileRef = 341D39002722E5C000E340CF /* Simonetta-Italic.ttf */; };
		341D39062722E5C000E340CF /* OFL.txt in Resources */ = {isa = PBXBuildFile; fileRef = 341D39012722E5C000E340CF /* OFL.txt */; };
		341D39072722E5C000E340CF /* Simonetta-BlackItalic.ttf in Resources */ = {isa = PBXBuildFile; fileRef = 341D39022722E5C000E340CF /* Simonetta-BlackItalic.ttf */; };
		3454ED2D280C607D00C60E3C /* SocketIO in Frameworks */ = {isa = PBXBuildFile; productRef = 3454ED2C280C607D00C60E3C /* SocketIO */; };
/* End PBXBuildFile section */

/* Begin PBXContainerItemProxy section */
		A10000000000000000000051 /* PBXContainerItemProxy */ = {
			isa = PBXContainerItemProxy;
			containerPortal = 341C9F2026B87C6900EB093A /* Project object */;
			proxyType = 1;
			remoteGlobalIDString = 341C9F2726B87C6900EB093A;
			remoteInfo = "Ringing Room";
		};
		A10000000000000000000052 /* PBXContainerItemProxy */ = {
			isa = PBXContainerItemProxy;
			containerPortal = 341C9F2026B87C6900EB093A /* Project object */;
			proxyType = 1;
			remoteGlobalIDString = 341C9F2726B87C6900EB093A;
			remoteInfo = "Ringing Room";
		};
/* End PBXContainerItemProxy section */

/* Begin PBXFileReference section */
		341C9F2826B87C6900EB093A /* Ringing Room.app */ = {isa = PBXFileReference; explicitFileType = wrapper.application; includeInIndex = 0; path = "Ringing Room.app"; sourceTree = BUILT_PRODUCTS_DIR; };
		341D38FE2722E5C000E340CF /* Simonetta-Black.ttf */ = {isa = PBXFileReference; lastKnownFileType = file; path = "Simonetta-Black.ttf"; sourceTree = "<group>"; };
		341D38FF2722E5C000E340CF /* Simonetta-Regular.ttf */ = {isa = PBXFileReference; lastKnownFileType = file; path = "Simonetta-Regular.ttf"; sourceTree = "<group>"; };
		341D39002722E5C000E340CF /* Simonetta-Italic.ttf */ = {isa = PBXFileReference; lastKnownFileType = file; path = "Simonetta-Italic.ttf"; sourceTree = "<group>"; };
		341D39012722E5C000E340CF /* OFL.txt */ = {isa = PBXFileReference; fileEncoding = 4; lastKnownFileType = text; path = OFL.txt; sourceTree = "<group>"; };
		341D39022722E5C000E340CF /* Simonetta-BlackItalic.ttf */ = {isa = PBXFileReference; lastKnownFileType = file; path = "Simonetta-BlackItalic.ttf"; sourceTree = "<group>"; };
		34EC1A4A2B05B848004B0506 /* README.md */ = {isa = PBXFileReference; lastKnownFileType = net.daringfireball.markdown; path = README.md; sourceTree = "<group>"; };
		34EC1A4B2B05B855004B0506 /* LICENSE */ = {isa = PBXFileReference; lastKnownFileType = text; path = LICENSE; sourceTree = "<group>"; };
		A10000000000000000000003 /* iOSRingingRoomTests.xctest */ = {isa = PBXFileReference; explicitFileType = wrapper.cfbundle; includeInIndex = 0; path = iOSRingingRoomTests.xctest; sourceTree = BUILT_PRODUCTS_DIR; };
		A10000000000000000000004 /* iOSRingingRoomUITests.xctest */ = {isa = PBXFileReference; explicitFileType = wrapper.cfbundle; includeInIndex = 0; path = iOSRingingRoomUITests.xctest; sourceTree = BUILT_PRODUCTS_DIR; };
/* End PBXFileReference section */

/* Begin PBXFileSystemSynchronizedBuildFileExceptionSet section */
		34306DB4301B3E3600A9B2F3 /* PBXFileSystemSynchronizedBuildFileExceptionSet */ = {
			isa = PBXFileSystemSynchronizedBuildFileExceptionSet;
			membershipExceptions = (
				Info.plist,
			);
			target = 341C9F2726B87C6900EB093A /* Ringing Room */;
		};
/* End PBXFileSystemSynchronizedBuildFileExceptionSet section */

/* Begin PBXFileSystemSynchronizedRootGroup section */
		34306D1C301B3E3500A9B2F3 /* iOSRingingRoom */ = {isa = PBXFileSystemSynchronizedRootGroup; exceptions = (34306DB4301B3E3600A9B2F3 /* PBXFileSystemSynchronizedBuildFileExceptionSet */, ); explicitFileTypes = {}; explicitFolders = (); path = iOSRingingRoom; sourceTree = "<group>"; };
		A10000000000000000000001 /* iOSRingingRoomTests */ = {isa = PBXFileSystemSynchronizedRootGroup; explicitFileTypes = {}; explicitFolders = (); path = iOSRingingRoomTests; sourceTree = "<group>"; };
		A10000000000000000000002 /* iOSRingingRoomUITests */ = {isa = PBXFileSystemSynchronizedRootGroup; explicitFileTypes = {}; explicitFolders = (); path = iOSRingingRoomUITests; sourceTree = "<group>"; };
/* End PBXFileSystemSynchronizedRootGroup section */

/* Begin PBXFrameworksBuildPhase section */
		341C9F2526B87C6900EB093A /* Frameworks */ = {
			isa = PBXFrameworksBuildPhase;
			buildActionMask = 2147483647;
			files = (
				3454ED2D280C607D00C60E3C /* SocketIO in Frameworks */,
			);
			runOnlyForDeploymentPostprocessing = 0;
		};
		A10000000000000000000011 /* Frameworks */ = {
			isa = PBXFrameworksBuildPhase;
			buildActionMask = 2147483647;
			files = (
			);
			runOnlyForDeploymentPostprocessing = 0;
		};
		A10000000000000000000012 /* Frameworks */ = {
			isa = PBXFrameworksBuildPhase;
			buildActionMask = 2147483647;
			files = (
			);
			runOnlyForDeploymentPostprocessing = 0;
		};
/* End PBXFrameworksBuildPhase section */

/* Begin PBXGroup section */
		341C9F1F26B87C6900EB093A = {
			isa = PBXGroup;
			children = (
				34EC1A4A2B05B848004B0506 /* README.md */,
				34EC1A4B2B05B855004B0506 /* LICENSE */,
				34306D1C301B3E3500A9B2F3 /* iOSRingingRoom */,
				A10000000000000000000001 /* iOSRingingRoomTests */,
				A10000000000000000000002 /* iOSRingingRoomUITests */,
				341C9F2926B87C6900EB093A /* Products */,
				341D38FD2722E5C000E340CF /* Simonetta */,
			);
			sourceTree = "<group>";
		};
		341C9F2926B87C6900EB093A /* Products */ = {
			isa = PBXGroup;
			children = (
				341C9F2826B87C6900EB093A /* Ringing Room.app */,
				A10000000000000000000003 /* iOSRingingRoomTests.xctest */,
				A10000000000000000000004 /* iOSRingingRoomUITests.xctest */,
			);
			name = Products;
			sourceTree = "<group>";
		};
		341D38FD2722E5C000E340CF /* Simonetta */ = {
			isa = PBXGroup;
			children = (
				341D38FE2722E5C000E340CF /* Simonetta-Black.ttf */,
				341D38FF2722E5C000E340CF /* Simonetta-Regular.ttf */,
				341D39002722E5C000E340CF /* Simonetta-Italic.ttf */,
				341D39012722E5C000E340CF /* OFL.txt */,
				341D39022722E5C000E340CF /* Simonetta-BlackItalic.ttf */,
			);
			path = Simonetta;
			sourceTree = "<group>";
		};
/* End PBXGroup section */

/* Begin PBXNativeTarget section */
		341C9F2726B87C6900EB093A /* Ringing Room */ = {
			isa = PBXNativeTarget;
			buildConfigurationList = 341C9F3726B87C6B00EB093A /* Build configuration list for PBXNativeTarget "Ringing Room" */;
			buildPhases = (
				341C9F2426B87C6900EB093A /* Sources */,
				341C9F2526B87C6900EB093A /* Frameworks */,
				341C9F2626B87C6900EB093A /* Resources */,
			);
			buildRules = (
			);
			dependencies = (
			);
			fileSystemSynchronizedGroups = (
				34306D1C301B3E3500A9B2F3 /* iOSRingingRoom */,
			);
			name = "Ringing Room";
			packageProductDependencies = (
				3454ED2C280C607D00C60E3C /* SocketIO */,
			);
			productName = NewRingingRoom;
			productReference = 341C9F2826B87C6900EB093A /* Ringing Room.app */;
			productType = "com.apple.product-type.application";
		};
		A10000000000000000000041 /* iOSRingingRoomTests */ = {
			isa = PBXNativeTarget;
			buildConfigurationList = A10000000000000000000071 /* Build configuration list for PBXNativeTarget "iOSRingingRoomTests" */;
			buildPhases = (
				A10000000000000000000031 /* Sources */,
				A10000000000000000000011 /* Frameworks */,
				A10000000000000000000021 /* Resources */,
			);
			buildRules = (
			);
			dependencies = (
				A10000000000000000000061 /* PBXTargetDependency */,
			);
			fileSystemSynchronizedGroups = (
				A10000000000000000000001 /* iOSRingingRoomTests */,
			);
			name = iOSRingingRoomTests;
			productName = iOSRingingRoomTests;
			productReference = A10000000000000000000003 /* iOSRingingRoomTests.xctest */;
			productType = "com.apple.product-type.bundle.unit-test";
		};
		A10000000000000000000042 /* iOSRingingRoomUITests */ = {
			isa = PBXNativeTarget;
			buildConfigurationList = A10000000000000000000072 /* Build configuration list for PBXNativeTarget "iOSRingingRoomUITests" */;
			buildPhases = (
				A10000000000000000000032 /* Sources */,
				A10000000000000000000012 /* Frameworks */,
				A10000000000000000000022 /* Resources */,
			);
			buildRules = (
			);
			dependencies = (
				A10000000000000000000062 /* PBXTargetDependency */,
			);
			fileSystemSynchronizedGroups = (
				A10000000000000000000002 /* iOSRingingRoomUITests */,
			);
			name = iOSRingingRoomUITests;
			productName = iOSRingingRoomUITests;
			productReference = A10000000000000000000004 /* iOSRingingRoomUITests.xctest */;
			productType = "com.apple.product-type.bundle.ui-testing";
		};
/* End PBXNativeTarget section */

/* Begin PBXProject section */
		341C9F2026B87C6900EB093A /* Project object */ = {
			isa = PBXProject;
			attributes = {
				BuildIndependentTargetsInParallel = YES;
				LastSwiftUpdateCheck = 1250;
				LastUpgradeCheck = 2700;
				TargetAttributes = {
					341C9F2726B87C6900EB093A = {
						CreatedOnToolsVersion = 12.5.1;
					};
				};
			};
			buildConfigurationList = 341C9F2326B87C6900EB093A /* Build configuration list for PBXProject "Ringing Room" */;
			compatibilityVersion = "Xcode 9.3";
			developmentRegion = en;
			hasScannedForEncodings = 0;
			knownRegions = (
				en,
				Base,
			);
			mainGroup = 341C9F1F26B87C6900EB093A;
			packageReferences = (
				3454ED2B280C607D00C60E3C /* XCRemoteSwiftPackageReference "socket" */,
			);
			productRefGroup = 341C9F2926B87C6900EB093A /* Products */;
			projectDirPath = "";
			projectRoot = "";
			targets = (
				341C9F2726B87C6900EB093A /* Ringing Room */,
				A10000000000000000000041 /* iOSRingingRoomTests */,
				A10000000000000000000042 /* iOSRingingRoomUITests */,
			);
		};
/* End PBXProject section */

/* Begin PBXResourcesBuildPhase section */
		341C9F2626B87C6900EB093A /* Resources */ = {
			isa = PBXResourcesBuildPhase;
			buildActionMask = 2147483647;
			files = (
				341D39062722E5C000E340CF /* OFL.txt in Resources */,
				341D39052722E5C000E340CF /* Simonetta-Italic.ttf in Resources */,
				341D39042722E5C000E340CF /* Simonetta-Regular.ttf in Resources */,
				341D39072722E5C000E340CF /* Simonetta-BlackItalic.ttf in Resources */,
				341D39032722E5C000E340CF /* Simonetta-Black.ttf in Resources */,
			);
			runOnlyForDeploymentPostprocessing = 0;
		};
		A10000000000000000000021 /* Resources */ = {
			isa = PBXResourcesBuildPhase;
			buildActionMask = 2147483647;
			files = (
			);
			runOnlyForDeploymentPostprocessing = 0;
		};
		A10000000000000000000022 /* Resources */ = {
			isa = PBXResourcesBuildPhase;
			buildActionMask = 2147483647;
			files = (
			);
			runOnlyForDeploymentPostprocessing = 0;
		};
/* End PBXResourcesBuildPhase section */

/* Begin PBXSourcesBuildPhase section */
		341C9F2426B87C6900EB093A /* Sources */ = {
			isa = PBXSourcesBuildPhase;
			buildActionMask = 2147483647;
			files = (
			);
			runOnlyForDeploymentPostprocessing = 0;
		};
		A10000000000000000000031 /* Sources */ = {
			isa = PBXSourcesBuildPhase;
			buildActionMask = 2147483647;
			files = (
			);
			runOnlyForDeploymentPostprocessing = 0;
		};
		A10000000000000000000032 /* Sources */ = {
			isa = PBXSourcesBuildPhase;
			buildActionMask = 2147483647;
			files = (
			);
			runOnlyForDeploymentPostprocessing = 0;
		};
/* End PBXSourcesBuildPhase section */

/* Begin PBXTargetDependency section */
		A10000000000000000000061 /* PBXTargetDependency */ = {
			isa = PBXTargetDependency;
			target = 341C9F2726B87C6900EB093A /* Ringing Room */;
			targetProxy = A10000000000000000000051 /* PBXContainerItemProxy */;
		};
		A10000000000000000000062 /* PBXTargetDependency */ = {
			isa = PBXTargetDependency;
			target = 341C9F2726B87C6900EB093A /* Ringing Room */;
			targetProxy = A10000000000000000000052 /* PBXContainerItemProxy */;
		};
/* End PBXTargetDependency section */

/* Begin XCBuildConfiguration section */
		341C9F3526B87C6B00EB093A /* Debug */ = {
			isa = XCBuildConfiguration;
			buildSettings = {
				ALWAYS_SEARCH_USER_PATHS = NO;
				CLANG_ANALYZER_NONNULL = YES;
				CLANG_ANALYZER_NUMBER_OBJECT_CONVERSION = YES_AGGRESSIVE;
				CLANG_CXX_LANGUAGE_STANDARD = "gnu++14";
				CLANG_CXX_LIBRARY = "libc++";
				CLANG_ENABLE_MODULES = YES;
				CLANG_ENABLE_OBJC_ARC = YES;
				CLANG_ENABLE_OBJC_WEAK = YES;
				CLANG_WARN_BLOCK_CAPTURE_AUTORELEASING = YES;
				CLANG_WARN_BOOL_CONVERSION = YES;
				CLANG_WARN_COMMA = YES;
				CLANG_WARN_CONSTANT_CONVERSION = YES;
				CLANG_WARN_DEPRECATED_OBJC_IMPLEMENTATIONS = YES;
				CLANG_WARN_DIRECT_OBJC_ISA_USAGE = YES_ERROR;
				CLANG_WARN_DOCUMENTATION_COMMENTS = YES;
				CLANG_WARN_EMPTY_BODY = YES;
				CLANG_WARN_ENUM_CONVERSION = YES;
				CLANG_WARN_INFINITE_RECURSION = YES;
				CLANG_WARN_INT_CONVERSION = YES;
				CLANG_WARN_NON_LITERAL_NULL_CONVERSION = YES;
				CLANG_WARN_OBJC_IMPLICIT_RETAIN_SELF = YES;
				CLANG_WARN_OBJC_LITERAL_CONVERSION = YES;
				CLANG_WARN_OBJC_ROOT_CLASS = YES_ERROR;
				CLANG_WARN_QUOTED_INCLUDE_IN_FRAMEWORK_HEADER = YES;
				CLANG_WARN_RANGE_LOOP_ANALYSIS = YES;
				CLANG_WARN_STRICT_PROTOTYPES = YES;
				CLANG_WARN_SUSPICIOUS_MOVE = YES;
				CLANG_WARN_UNGUARDED_AVAILABILITY = YES_AGGRESSIVE;
				CLANG_WARN_UNREACHABLE_CODE = YES;
				CLANG_WARN__DUPLICATE_METHOD_MATCH = YES;
				COPY_PHASE_STRIP = NO;
				DEBUG_INFORMATION_FORMAT = dwarf;
				DEVELOPMENT_TEAM = Q74YGQBJ89;
				ENABLE_STRICT_OBJC_MSGSEND = YES;
				ENABLE_TESTABILITY = YES;
				ENABLE_USER_SCRIPT_SANDBOXING = YES;
				GCC_C_LANGUAGE_STANDARD = gnu11;
				GCC_DYNAMIC_NO_PIC = NO;
				GCC_NO_COMMON_BLOCKS = YES;
				GCC_OPTIMIZATION_LEVEL = 0;
				GCC_PREPROCESSOR_DEFINITIONS = (
					"DEBUG=1",
					"$(inherited)",
				);
				GCC_WARN_64_TO_32_BIT_CONVERSION = YES;
				GCC_WARN_ABOUT_RETURN_TYPE = YES_ERROR;
				GCC_WARN_UNDECLARED_SELECTOR = YES;
				GCC_WARN_UNINITIALIZED_AUTOS = YES_AGGRESSIVE;
				GCC_WARN_UNUSED_FUNCTION = YES;
				GCC_WARN_UNUSED_VARIABLE = YES;
				IPHONEOS_DEPLOYMENT_TARGET = 15.0;
				MTL_ENABLE_DEBUG_INFO = INCLUDE_SOURCE;
				MTL_FAST_MATH = YES;
				ONLY_ACTIVE_ARCH = YES;
				SDKROOT = iphoneos;
				STRING_CATALOG_GENERATE_SYMBOLS = YES;
				SWIFT_ACTIVE_COMPILATION_CONDITIONS = DEBUG;
				SWIFT_OPTIMIZATION_LEVEL = "-Onone";
			};
			name = Debug;
		};
		341C9F3626B87C6B00EB093A /* Release */ = {
			isa = XCBuildConfiguration;
			buildSettings = {
				ALWAYS_SEARCH_USER_PATHS = NO;
				CLANG_ANALYZER_NONNULL = YES;
				CLANG_ANALYZER_NUMBER_OBJECT_CONVERSION = YES_AGGRESSIVE;
				CLANG_CXX_LANGUAGE_STANDARD = "gnu++14";
				CLANG_CXX_LIBRARY = "libc++";
				CLANG_ENABLE_MODULES = YES;
				CLANG_ENABLE_OBJC_ARC = YES;
				CLANG_ENABLE_OBJC_WEAK = YES;
				CLANG_WARN_BLOCK_CAPTURE_AUTORELEASING = YES;
				CLANG_WARN_BOOL_CONVERSION = YES;
				CLANG_WARN_COMMA = YES;
				CLANG_WARN_CONSTANT_CONVERSION = YES;
				CLANG_WARN_DEPRECATED_OBJC_IMPLEMENTATIONS = YES;
				CLANG_WARN_DIRECT_OBJC_ISA_USAGE = YES_ERROR;
				CLANG_WARN_DOCUMENTATION_COMMENTS = YES;
				CLANG_WARN_EMPTY_BODY = YES;
				CLANG_WARN_ENUM_CONVERSION = YES;
				CLANG_WARN_INFINITE_RECURSION = YES;
				CLANG_WARN_INT_CONVERSION = YES;
				CLANG_WARN_NON_LITERAL_NULL_CONVERSION = YES;
				CLANG_WARN_OBJC_IMPLICIT_RETAIN_SELF = YES;
				CLANG_WARN_OBJC_LITERAL_CONVERSION = YES;
				CLANG_WARN_OBJC_ROOT_CLASS = YES_ERROR;
				CLANG_WARN_QUOTED_INCLUDE_IN_FRAMEWORK_HEADER = YES;
				CLANG_WARN_RANGE_LOOP_ANALYSIS = YES;
				CLANG_WARN_STRICT_PROTOTYPES = YES;
				CLANG_WARN_SUSPICIOUS_MOVE = YES;
				CLANG_WARN_UNGUARDED_AVAILABILITY = YES_AGGRESSIVE;
				CLANG_WARN_UNREACHABLE_CODE = YES;
				CLANG_WARN__DUPLICATE_METHOD_MATCH = YES;
				COPY_PHASE_STRIP = NO;
				DEBUG_INFORMATION_FORMAT = "dwarf-with-dsym";
				DEVELOPMENT_TEAM = Q74YGQBJ89;
				ENABLE_NS_ASSERTIONS = NO;
				ENABLE_STRICT_OBJC_MSGSEND = YES;
				ENABLE_USER_SCRIPT_SANDBOXING = YES;
				GCC_C_LANGUAGE_STANDARD = gnu11;
				GCC_NO_COMMON_BLOCKS = YES;
				GCC_WARN_64_TO_32_BIT_CONVERSION = YES;
				GCC_WARN_ABOUT_RETURN_TYPE = YES_ERROR;
				GCC_WARN_UNDECLARED_SELECTOR = YES;
				GCC_WARN_UNINITIALIZED_AUTOS = YES_AGGRESSIVE;
				GCC_WARN_UNUSED_FUNCTION = YES;
				GCC_WARN_UNUSED_VARIABLE = YES;
				IPHONEOS_DEPLOYMENT_TARGET = 15.0;
				MTL_ENABLE_DEBUG_INFO = NO;
				MTL_FAST_MATH = YES;
				SDKROOT = iphoneos;
				STRING_CATALOG_GENERATE_SYMBOLS = YES;
				SWIFT_COMPILATION_MODE = wholemodule;
				SWIFT_OPTIMIZATION_LEVEL = "-O";
				VALIDATE_PRODUCT = YES;
			};
			name = Release;
		};
		341C9F3826B87C6B00EB093A /* Debug */ = {
			isa = XCBuildConfiguration;
			buildSettings = {
				ASSETCATALOG_COMPILER_APPICON_NAME = AppIcon;
				ASSETCATALOG_COMPILER_GLOBAL_ACCENT_COLOR_NAME = AccentColor;
				CODE_SIGN_ENTITLEMENTS = iOSRingingRoom/iOSRingingRoom.entitlements;
				CODE_SIGN_IDENTITY = "Apple Development";
				CODE_SIGN_STYLE = Automatic;
				CURRENT_PROJECT_VERSION = 21;
				DEVELOPMENT_ASSET_PATHS = "\"iOSRingingRoom/Preview Content\"";
				ENABLE_PREVIEWS = YES;
				INFOPLIST_FILE = iOSRingingRoom/Info.plist;
				INFOPLIST_KEY_CFBundleDisplayName = "Ringing Room";
				IPHONEOS_DEPLOYMENT_TARGET = "$(RECOMMENDED_IPHONEOS_DEPLOYMENT_TARGET)";
				LD_RUNPATH_SEARCH_PATHS = (
					"$(inherited)",
					"@executable_path/Frameworks",
				);
				MARKETING_VERSION = 1.3;
				PRODUCT_BUNDLE_IDENTIFIER = com.goodship.iOSRingingRoom;
				PRODUCT_NAME = "$(TARGET_NAME)";
				PROVISIONING_PROFILE_SPECIFIER = "";
				SWIFT_VERSION = 6.0;
				TARGETED_DEVICE_FAMILY = "1,2";
			};
			name = Debug;
		};
		341C9F3926B87C6B00EB093A /* Release */ = {
			isa = XCBuildConfiguration;
			buildSettings = {
				ASSETCATALOG_COMPILER_APPICON_NAME = AppIcon;
				ASSETCATALOG_COMPILER_GLOBAL_ACCENT_COLOR_NAME = AccentColor;
				CODE_SIGN_ENTITLEMENTS = iOSRingingRoom/iOSRingingRoom.entitlements;
				CODE_SIGN_IDENTITY = "Apple Development";
				CODE_SIGN_STYLE = Automatic;
				CURRENT_PROJECT_VERSION = 21;
				DEVELOPMENT_ASSET_PATHS = "\"iOSRingingRoom/Preview Content\"";
				ENABLE_PREVIEWS = YES;
				INFOPLIST_FILE = iOSRingingRoom/Info.plist;
				INFOPLIST_KEY_CFBundleDisplayName = "Ringing Room";
				IPHONEOS_DEPLOYMENT_TARGET = "$(RECOMMENDED_IPHONEOS_DEPLOYMENT_TARGET)";
				LD_RUNPATH_SEARCH_PATHS = (
					"$(inherited)",
					"@executable_path/Frameworks",
				);
				MARKETING_VERSION = 1.3;
				PRODUCT_BUNDLE_IDENTIFIER = com.goodship.iOSRingingRoom;
				PRODUCT_NAME = "$(TARGET_NAME)";
				PROVISIONING_PROFILE_SPECIFIER = "";
				SWIFT_VERSION = 6.0;
				TARGETED_DEVICE_FAMILY = "1,2";
			};
			name = Release;
		};
		A10000000000000000000081 /* Debug */ = {
			isa = XCBuildConfiguration;
			buildSettings = {
				BUNDLE_LOADER = "$(TEST_HOST)";
				GENERATE_INFOPLIST_FILE = YES;
				INFOPLIST_KEY_CFBundleDisplayName = iOSRingingRoomTests;
				IPHONEOS_DEPLOYMENT_TARGET = "$(RECOMMENDED_IPHONEOS_DEPLOYMENT_TARGET)";
				PRODUCT_BUNDLE_IDENTIFIER = com.goodship.iOSRingingRoomTests;
				PRODUCT_NAME = "$(TARGET_NAME)";
				SWIFT_VERSION = 6.0;
				TARGETED_DEVICE_FAMILY = "1,2";
				TEST_HOST = "$(BUILT_PRODUCTS_DIR)/Ringing Room.app/Ringing Room";
			};
			name = Debug;
		};
		A10000000000000000000082 /* Release */ = {
			isa = XCBuildConfiguration;
			buildSettings = {
				BUNDLE_LOADER = "$(TEST_HOST)";
				GENERATE_INFOPLIST_FILE = YES;
				INFOPLIST_KEY_CFBundleDisplayName = iOSRingingRoomTests;
				IPHONEOS_DEPLOYMENT_TARGET = "$(RECOMMENDED_IPHONEOS_DEPLOYMENT_TARGET)";
				PRODUCT_BUNDLE_IDENTIFIER = com.goodship.iOSRingingRoomTests;
				PRODUCT_NAME = "$(TARGET_NAME)";
				SWIFT_VERSION = 6.0;
				TARGETED_DEVICE_FAMILY = "1,2";
				TEST_HOST = "$(BUILT_PRODUCTS_DIR)/Ringing Room.app/Ringing Room";
			};
			name = Release;
		};
		A10000000000000000000083 /* Debug */ = {
			isa = XCBuildConfiguration;
			buildSettings = {
				GENERATE_INFOPLIST_FILE = YES;
				INFOPLIST_KEY_CFBundleDisplayName = iOSRingingRoomUITests;
				IPHONEOS_DEPLOYMENT_TARGET = "$(RECOMMENDED_IPHONEOS_DEPLOYMENT_TARGET)";
				PRODUCT_BUNDLE_IDENTIFIER = com.goodship.iOSRingingRoomUITests;
				PRODUCT_NAME = "$(TARGET_NAME)";
				SWIFT_VERSION = 6.0;
				TARGETED_DEVICE_FAMILY = "1,2";
				TEST_TARGET_NAME = "Ringing Room";
			};
			name = Debug;
		};
		A10000000000000000000084 /* Release */ = {
			isa = XCBuildConfiguration;
			buildSettings = {
				GENERATE_INFOPLIST_FILE = YES;
				INFOPLIST_KEY_CFBundleDisplayName = iOSRingingRoomUITests;
				IPHONEOS_DEPLOYMENT_TARGET = "$(RECOMMENDED_IPHONEOS_DEPLOYMENT_TARGET)";
				PRODUCT_BUNDLE_IDENTIFIER = com.goodship.iOSRingingRoomUITests;
				PRODUCT_NAME = "$(TARGET_NAME)";
				SWIFT_VERSION = 6.0;
				TARGETED_DEVICE_FAMILY = "1,2";
				TEST_TARGET_NAME = "Ringing Room";
			};
			name = Release;
		};
/* End XCBuildConfiguration section */

/* Begin XCConfigurationList section */
		341C9F2326B87C6900EB093A /* Build configuration list for PBXProject "Ringing Room" */ = {
			isa = XCConfigurationList;
			buildConfigurations = (
				341C9F3526B87C6B00EB093A /* Debug */,
				341C9F3626B87C6B00EB093A /* Release */,
			);
			defaultConfigurationIsVisible = 0;
			defaultConfigurationName = Release;
		};
		341C9F3726B87C6B00EB093A /* Build configuration list for PBXNativeTarget "Ringing Room" */ = {
			isa = XCConfigurationList;
			buildConfigurations = (
				341C9F3826B87C6B00EB093A /* Debug */,
				341C9F3926B87C6B00EB093A /* Release */,
			);
			defaultConfigurationIsVisible = 0;
			defaultConfigurationName = Release;
		};
		A10000000000000000000071 /* Build configuration list for PBXNativeTarget "iOSRingingRoomTests" */ = {
			isa = XCConfigurationList;
			buildConfigurations = (
				A10000000000000000000081 /* Debug */,
				A10000000000000000000082 /* Release */,
			);
			defaultConfigurationIsVisible = 0;
			defaultConfigurationName = Release;
		};
		A10000000000000000000072 /* Build configuration list for PBXNativeTarget "iOSRingingRoomUITests" */ = {
			isa = XCConfigurationList;
			buildConfigurations = (
				A10000000000000000000083 /* Debug */,
				A10000000000000000000084 /* Release */,
			);
			defaultConfigurationIsVisible = 0;
			defaultConfigurationName = Release;
		};
/* End XCConfigurationList section */

/* Begin XCRemoteSwiftPackageReference section */
		3454ED2B280C607D00C60E3C /* XCRemoteSwiftPackageReference "socket" */ = {
			isa = XCRemoteSwiftPackageReference;
			repositoryURL = "https://github.com/socketio/socket.io-client-swift";
			requirement = {
				branch = master;
				kind = branch;
			};
		};
/* End XCRemoteSwiftPackageReference section */

/* Begin XCSwiftPackageProductDependency section */
		3454ED2C280C607D00C60E3C /* SocketIO */ = {
			isa = XCSwiftPackageProductDependency;
			package = 3454ED2B280C607D00C60E3C /* XCRemoteSwiftPackageReference "socket" */;
			productName = SocketIO;
		};
/* End XCSwiftPackageProductDependency section */
	};
	rootObject = 341C9F2026B87C6900EB093A /* Project object */;
}
